
Microsoft Visual Studio Solution File, Format Version 12.00
# Visual Studio 15
VisualStudioVersion = 15.0.27130.2003
MinimumVisualStudioVersion = 10.0.40219.1
Project("{FAE04EC0-301F-11D3-BF4B-00C04F79EFBC}") = "Searching", "Searching\Searching.csproj", "{49F29A5C-F176-44A7-97B9-4072C36A5947}"
EndProject
Project("{FAE04EC0-301F-11D3-BF4B-00C04F79EFBC}") = "App", "App\App.csproj", "{F2191C93-9BD3-43C0-8541-D960F6A5EB40}"
EndProject
Project("{FAE04EC0-301F-11D3-BF4B-00C04F79EFBC}") = "BinarySearchTree", "BinarySearchTree\BinarySearchTree.csproj", "{46EE2583-A27F-4546-8ACC-202F9D3E6BE7}"
EndProject
Global
	GlobalSection(SolutionConfigurationPlatforms) = preSolution
		Debug|Any CPU = Debug|Any CPU
		Release|Any CPU = Release|Any CPU
	EndGlobalSection
	GlobalSection(ProjectConfigurationPlatforms) = postSolution
		{49F29A5C-F176-44A7-97B9-4072C36A5947}.Debug|Any CPU.ActiveCfg = Debug|Any CPU
		{49F29A5C-F176-44A7-97B9-4072C36A5947}.Debug|Any CPU.Build.0 = Debug|Any CPU
		{49F29A5C-F176-44A7-97B9-4072C36A5947}.Release|Any CPU.ActiveCfg = Release|Any CPU
		{49F29A5C-F176-44A7-97B9-4072C36A5947}.Release|Any CPU.Build.0 = Release|Any CPU
		{F2191C93-9BD3-43C0-8541-D960F6A5EB40}.Debug|Any CPU.ActiveCfg = Debug|Any CPU
		{F2191C93-9BD3-43C0-8541-D960F6A5EB40}.Debug|Any CPU.Build.0 = Debug|Any CPU
		{F2191C93-9BD3-43C0-8541-D960F6A5EB40}.Release|Any CPU.ActiveCfg = Release|Any CPU
		{F2191C93-9BD3-43C0-8541-D960F6A5EB40}.Release|Any CPU.Build.0 = Release|Any CPU
		{46EE2583-A27F-4546-8ACC-202F9D3E6BE7}.Debug|Any CPU.ActiveCfg = Debug|Any CPU
		{46EE2583-A27F-4546-8ACC-202F9D3E6BE7}.Debug|Any CPU.Build.0 = Debug|Any CPU
		{46EE2583-A27F-4546-8ACC-202F9D3E6BE7}.Release|Any CPU.ActiveCfg = Release|Any CPU
		{46EE2583-A27F-4546-8ACC-202F9D3E6BE7}.Release|Any CPU.Build.0 = Release|Any CPU
	EndGlobalSection
	GlobalSection(SolutionProperties) = preSolution
		HideSolutionNode = FALSE
	EndGlobalSection
	GlobalSection(ExtensibilityGlobals) = postSolution
		SolutionGuid = {3BACCD7D-DE08-41A2-B01C-B0A64FC027E5}
	EndGlobalSection
EndGlobal
