
Microsoft Visual Studio Solution File, Format Version 12.00
# Visual Studio 15
VisualStudioVersion = 15.0.28010.2046
MinimumVisualStudioVersion = 10.0.40219.1
Project("{FAE04EC0-301F-11D3-BF4B-00C04F79EFBC}") = "lab05", "lab05\lab05.csproj", "{8D7D1A8F-74C3-4FDB-8580-6A8E31C8984A}"
EndProject
Project("{FAE04EC0-301F-11D3-BF4B-00C04F79EFBC}") = "UI", "UI\UI.csproj", "{6A799129-9398-4AD1-848D-16895E57D0B3}"
EndProject
Global
	GlobalSection(SolutionConfigurationPlatforms) = preSolution
		Debug|Any CPU = Debug|Any CPU
		Release|Any CPU = Release|Any CPU
	EndGlobalSection
	GlobalSection(ProjectConfigurationPlatforms) = postSolution
		{8D7D1A8F-74C3-4FDB-8580-6A8E31C8984A}.Debug|Any CPU.ActiveCfg = Debug|Any CPU
		{8D7D1A8F-74C3-4FDB-8580-6A8E31C8984A}.Debug|Any CPU.Build.0 = Debug|Any CPU
		{8D7D1A8F-74C3-4FDB-8580-6A8E31C8984A}.Release|Any CPU.ActiveCfg = Release|Any CPU
		{8D7D1A8F-74C3-4FDB-8580-6A8E31C8984A}.Release|Any CPU.Build.0 = Release|Any CPU
		{6A799129-9398-4AD1-848D-16895E57D0B3}.Debug|Any CPU.ActiveCfg = Debug|Any CPU
		{6A799129-9398-4AD1-848D-16895E57D0B3}.Debug|Any CPU.Build.0 = Debug|Any CPU
		{6A799129-9398-4AD1-848D-16895E57D0B3}.Release|Any CPU.ActiveCfg = Release|Any CPU
		{6A799129-9398-4AD1-848D-16895E57D0B3}.Release|Any CPU.Build.0 = Release|Any CPU
	EndGlobalSection
	GlobalSection(SolutionProperties) = preSolution
		HideSolutionNode = FALSE
	EndGlobalSection
	GlobalSection(ExtensibilityGlobals) = postSolution
		SolutionGuid = {F88BAF82-48E3-421C-B1E6-C458BCAD830F}
	EndGlobalSection
EndGlobal
